// !$*UTF8*$!
{
	archiveVersion = 1;
	classes = {
	};
	objectVersion = 50;
	objects = {

/* Begin PBXBuildFile section */
		61013A6E217A207200E445D1 /* AppDelegate.swift in Sources */ = {isa = PBXBuildFile; fileRef = 61013A6D217A207200E445D1 /* AppDelegate.swift */; };
		61013A70217A207200E445D1 /* GameScene.sks in Resources */ = {isa = PBXBuildFile; fileRef = 61013A6F217A207200E445D1 /* GameScene.sks */; };
		61013A74217A207200E445D1 /* GameScene.swift in Sources */ = {isa = PBXBuildFile; fileRef = 61013A73217A207200E445D1 /* GameScene.swift */; };
		61013A76217A207200E445D1 /* GameViewController.swift in Sources */ = {isa = PBXBuildFile; fileRef = 61013A75217A207200E445D1 /* GameViewController.swift */; };
		61013A79217A207200E445D1 /* Main.storyboard in Resources */ = {isa = PBXBuildFile; fileRef = 61013A77217A207200E445D1 /* Main.storyboard */; };
		61013A7B217A207300E445D1 /* Assets.xcassets in Resources */ = {isa = PBXBuildFile; fileRef = 61013A7A217A207300E445D1 /* Assets.xcassets */; };
		61013A7E217A207300E445D1 /* LaunchScreen.storyboard in Resources */ = {isa = PBXBuildFile; fileRef = 61013A7C217A207300E445D1 /* LaunchScreen.storyboard */; };
		61013A86217A214800E445D1 /* Helper.swift in Sources */ = {isa = PBXBuildFile; fileRef = 61013A85217A214800E445D1 /* Helper.swift */; };
		61013ADC217A226A00E445D1 /* background.jpg in Resources */ = {isa = PBXBuildFile; fileRef = 61013AC0217A226A00E445D1 /* background.jpg */; };
		61013ADD217A226A00E445D1 /* background@2x.jpg in Resources */ = {isa = PBXBuildFile; fileRef = 61013AC1217A226A00E445D1 /* background@2x.jpg */; };
		61013ADE217A226A00E445D1 /* ballBlue.png in Resources */ = {isa = PBXBuildFile; fileRef = 61013AC2217A226A00E445D1 /* ballBlue.png */; };
		61013ADF217A226A00E445D1 /* ballBlue@2x.png in Resources */ = {isa = PBXBuildFile; fileRef = 61013AC3217A226A00E445D1 /* ballBlue@2x.png */; };
		61013AE0217A226A00E445D1 /* ballCyan.png in Resources */ = {isa = PBXBuildFile; fileRef = 61013AC4217A226A00E445D1 /* ballCyan.png */; };
		61013AE1217A226A00E445D1 /* ballCyan@2x.png in Resources */ = {isa = PBXBuildFile; fileRef = 61013AC5217A226A00E445D1 /* ballCyan@2x.png */; };
		61013AE2217A226A00E445D1 /* ballGreen.png in Resources */ = {isa = PBXBuildFile; fileRef = 61013AC6217A226A00E445D1 /* ballGreen.png */; };
		61013AE3217A226A00E445D1 /* ballGreen@2x.png in Resources */ = {isa = PBXBuildFile; fileRef = 61013AC7217A226A00E445D1 /* ballGreen@2x.png */; };
		61013AE4217A226A00E445D1 /* ballGrey.png in Resources */ = {isa = PBXBuildFile; fileRef = 61013AC8217A226A00E445D1 /* ballGrey.png */; };
		61013AE5217A226A00E445D1 /* ballGrey@2x.png in Resources */ = {isa = PBXBuildFile; fileRef = 61013AC9217A226A00E445D1 /* ballGrey@2x.png */; };
		61013AE6217A226A00E445D1 /* ballPurple.png in Resources */ = {isa = PBXBuildFile; fileRef = 61013ACA217A226A00E445D1 /* ballPurple.png */; };
		61013AE7217A226A00E445D1 /* ballPurple@2x.png in Resources */ = {isa = PBXBuildFile; fileRef = 61013ACB217A226A00E445D1 /* ballPurple@2x.png */; };
		61013AE8217A226A00E445D1 /* ballRed.png in Resources */ = {isa = PBXBuildFile; fileRef = 61013ACC217A226A00E445D1 /* ballRed.png */; };
		61013AE9217A226A00E445D1 /* ballRed@2x.png in Resources */ = {isa = PBXBuildFile; fileRef = 61013ACD217A226A00E445D1 /* ballRed@2x.png */; };
		61013AEA217A226A00E445D1 /* ballYellow.png in Resources */ = {isa = PBXBuildFile; fileRef = 61013ACE217A226A00E445D1 /* ballYellow.png */; };
		61013AEB217A226A00E445D1 /* ballYellow@2x.png in Resources */ = {isa = PBXBuildFile; fileRef = 61013ACF217A226A00E445D1 /* ballYellow@2x.png */; };
		61013AEC217A226A00E445D1 /* bouncer.png in Resources */ = {isa = PBXBuildFile; fileRef = 61013AD0217A226A00E445D1 /* bouncer.png */; };
		61013AED217A226A00E445D1 /* bouncer@2x.png in Resources */ = {isa = PBXBuildFile; fileRef = 61013AD1217A226A00E445D1 /* bouncer@2x.png */; };
		61013AEE217A226A00E445D1 /* FireParticles.sks in Resources */ = {isa = PBXBuildFile; fileRef = 61013AD2217A226A00E445D1 /* FireParticles.sks */; };
		61013AEF217A226A00E445D1 /* slotBaseBad.png in Resources */ = {isa = PBXBuildFile; fileRef = 61013AD3217A226A00E445D1 /* slotBaseBad.png */; };
		61013AF0217A226A00E445D1 /* slotBaseBad@2x.png in Resources */ = {isa = PBXBuildFile; fileRef = 61013AD4217A226A00E445D1 /* slotBaseBad@2x.png */; };
		61013AF1217A226A00E445D1 /* slotBaseGood.png in Resources */ = {isa = PBXBuildFile; fileRef = 61013AD5217A226A00E445D1 /* slotBaseGood.png */; };
		61013AF2217A226A00E445D1 /* slotBaseGood@2x.png in Resources */ = {isa = PBXBuildFile; fileRef = 61013AD6217A226A00E445D1 /* slotBaseGood@2x.png */; };
		61013AF3217A226A00E445D1 /* slotGlowBad.png in Resources */ = {isa = PBXBuildFile; fileRef = 61013AD7217A226A00E445D1 /* slotGlowBad.png */; };
		61013AF4217A226A00E445D1 /* slotGlowBad@2x.png in Resources */ = {isa = PBXBuildFile; fileRef = 61013AD8217A226A00E445D1 /* slotGlowBad@2x.png */; };
		61013AF5217A226A00E445D1 /* slotGlowGood.png in Resources */ = {isa = PBXBuildFile; fileRef = 61013AD9217A226A00E445D1 /* slotGlowGood.png */; };
		61013AF6217A226A00E445D1 /* slotGlowGood@2x.png in Resources */ = {isa = PBXBuildFile; fileRef = 61013ADA217A226A00E445D1 /* slotGlowGood@2x.png */; };
		61013AF7217A226A00E445D1 /* spark.png in Resources */ = {isa = PBXBuildFile; fileRef = 61013ADB217A226A00E445D1 /* spark.png */; };
/* End PBXBuildFile section */

/* Begin PBXFileReference section */
		61013A6A217A207200E445D1 /* Peggle.app */ = {isa = PBXFileReference; explicitFileType = wrapper.application; includeInIndex = 0; path = Peggle.app; sourceTree = BUILT_PRODUCTS_DIR; };
		61013A6D217A207200E445D1 /* AppDelegate.swift */ = {isa = PBXFileReference; lastKnownFileType = sourcecode.swift; path = AppDelegate.swift; sourceTree = "<group>"; };
		61013A6F217A207200E445D1 /* GameScene.sks */ = {isa = PBXFileReference; lastKnownFileType = file.sks; path = GameScene.sks; sourceTree = "<group>"; };
		61013A73217A207200E445D1 /* GameScene.swift */ = {isa = PBXFileReference; lastKnownFileType = sourcecode.swift; path = GameScene.swift; sourceTree = "<group>"; };
		61013A75217A207200E445D1 /* GameViewController.swift */ = {isa = PBXFileReference; lastKnownFileType = sourcecode.swift; path = GameViewController.swift; sourceTree = "<group>"; };
		61013A78217A207200E445D1 /* Base */ = {isa = PBXFileReference; lastKnownFileType = file.storyboard; name = Base; path = Base.lproj/Main.storyboard; sourceTree = "<group>"; };
		61013A7A217A207300E445D1 /* Assets.xcassets */ = {isa = PBXFileReference; lastKnownFileType = folder.assetcatalog; path = Assets.xcassets; sourceTree = "<group>"; };
		61013A7D217A207300E445D1 /* Base */ = {isa = PBXFileReference; lastKnownFileType = file.storyboard; name = Base; path = Base.lproj/LaunchScreen.storyboard; sourceTree = "<group>"; };
		61013A7F217A207300E445D1 /* Info.plist */ = {isa = PBXFileReference; lastKnownFileType = text.plist.xml; path = Info.plist; sourceTree = "<group>"; };
		61013A85217A214800E445D1 /* Helper.swift */ = {isa = PBXFileReference; fileEncoding = 4; lastKnownFileType = sourcecode.swift; path = Helper.swift; sourceTree = "<group>"; };
		61013AC0217A226A00E445D1 /* background.jpg */ = {isa = PBXFileReference; lastKnownFileType = image.jpeg; path = background.jpg; sourceTree = "<group>"; };
		61013AC1217A226A00E445D1 /* background@2x.jpg */ = {isa = PBXFileReference; lastKnownFileType = image.jpeg; path = "background@2x.jpg"; sourceTree = "<group>"; };
		61013AC2217A226A00E445D1 /* ballBlue.png */ = {isa = PBXFileReference; lastKnownFileType = image.png; path = ballBlue.png; sourceTree = "<group>"; };
		61013AC3217A226A00E445D1 /* ballBlue@2x.png */ = {isa = PBXFileReference; lastKnownFileType = image.png; path = "ballBlue@2x.png"; sourceTree = "<group>"; };
		61013AC4217A226A00E445D1 /* ballCyan.png */ = {isa = PBXFileReference; lastKnownFileType = image.png; path = ballCyan.png; sourceTree = "<group>"; };
		61013AC5217A226A00E445D1 /* ballCyan@2x.png */ = {isa = PBXFileReference; lastKnownFileType = image.png; path = "ballCyan@2x.png"; sourceTree = "<group>"; };
		61013AC6217A226A00E445D1 /* ballGreen.png */ = {isa = PBXFileReference; lastKnownFileType = image.png; path = ballGreen.png; sourceTree = "<group>"; };
		61013AC7217A226A00E445D1 /* ballGreen@2x.png */ = {isa = PBXFileReference; lastKnownFileType = image.png; path = "ballGreen@2x.png"; sourceTree = "<group>"; };
		61013AC8217A226A00E445D1 /* ballGrey.png */ = {isa = PBXFileReference; lastKnownFileType = image.png; path = ballGrey.png; sourceTree = "<group>"; };
		61013AC9217A226A00E445D1 /* ballGrey@2x.png */ = {isa = PBXFileReference; lastKnownFileType = image.png; path = "ballGrey@2x.png"; sourceTree = "<group>"; };
		61013ACA217A226A00E445D1 /* ballPurple.png */ = {isa = PBXFileReference; lastKnownFileType = image.png; path = ballPurple.png; sourceTree = "<group>"; };
		61013ACB217A226A00E445D1 /* ballPurple@2x.png */ = {isa = PBXFileReference; lastKnownFileType = image.png; path = "ballPurple@2x.png"; sourceTree = "<group>"; };
		61013ACC217A226A00E445D1 /* ballRed.png */ = {isa = PBXFileReference; lastKnownFileType = image.png; path = ballRed.png; sourceTree = "<group>"; };
		61013ACD217A226A00E445D1 /* ballRed@2x.png */ = {isa = PBXFileReference; lastKnownFileType = image.png; path = "ballRed@2x.png"; sourceTree = "<group>"; };
		61013ACE217A226A00E445D1 /* ballYellow.png */ = {isa = PBXFileReference; lastKnownFileType = image.png; path = ballYellow.png; sourceTree = "<group>"; };
		61013ACF217A226A00E445D1 /* ballYellow@2x.png */ = {isa = PBXFileReference; lastKnownFileType = image.png; path = "ballYellow@2x.png"; sourceTree = "<group>"; };
		61013AD0217A226A00E445D1 /* bouncer.png */ = {isa = PBXFileReference; lastKnownFileType = image.png; path = bouncer.png; sourceTree = "<group>"; };
		61013AD1217A226A00E445D1 /* bouncer@2x.png */ = {isa = PBXFileReference; lastKnownFileType = image.png; path = "bouncer@2x.png"; sourceTree = "<group>"; };
		61013AD2217A226A00E445D1 /* FireParticles.sks */ = {isa = PBXFileReference; lastKnownFileType = file.sks; path = FireParticles.sks; sourceTree = "<group>"; };
		61013AD3217A226A00E445D1 /* slotBaseBad.png */ = {isa = PBXFileReference; lastKnownFileType = image.png; path = slotBaseBad.png; sourceTree = "<group>"; };
		61013AD4217A226A00E445D1 /* slotBaseBad@2x.png */ = {isa = PBXFileReference; lastKnownFileType = image.png; path = "slotBaseBad@2x.png"; sourceTree = "<group>"; };
		61013AD5217A226A00E445D1 /* slotBaseGood.png */ = {isa = PBXFileReference; lastKnownFileType = image.png; path = slotBaseGood.png; sourceTree = "<group>"; };
		61013AD6217A226A00E445D1 /* slotBaseGood@2x.png */ = {isa = PBXFileReference; lastKnownFileType = image.png; path = "slotBaseGood@2x.png"; sourceTree = "<group>"; };
		61013AD7217A226A00E445D1 /* slotGlowBad.png */ = {isa = PBXFileReference; lastKnownFileType = image.png; path = slotGlowBad.png; sourceTree = "<group>"; };
		61013AD8217A226A00E445D1 /* slotGlowBad@2x.png */ = {isa = PBXFileReference; lastKnownFileType = image.png; path = "slotGlowBad@2x.png"; sourceTree = "<group>"; };
		61013AD9217A226A00E445D1 /* slotGlowGood.png */ = {isa = PBXFileReference; lastKnownFileType = image.png; path = slotGlowGood.png; sourceTree = "<group>"; };
		61013ADA217A226A00E445D1 /* slotGlowGood@2x.png */ = {isa = PBXFileReference; lastKnownFileType = image.png; path = "slotGlowGood@2x.png"; sourceTree = "<group>"; };
		61013ADB217A226A00E445D1 /* spark.png */ = {isa = PBXFileReference; lastKnownFileType = image.png; path = spark.png; sourceTree = "<group>"; };
/* End PBXFileReference section */

/* Begin PBXFrameworksBuildPhase section */
		61013A67217A207200E445D1 /* Frameworks */ = {
			isa = PBXFrameworksBuildPhase;
			buildActionMask = 2147483647;
			files = (
			);
			runOnlyForDeploymentPostprocessing = 0;
		};
/* End PBXFrameworksBuildPhase section */

/* Begin PBXGroup section */
		61013A61217A207200E445D1 = {
			isa = PBXGroup;
			children = (
				61013A6C217A207200E445D1 /* Peggle */,
				61013A6B217A207200E445D1 /* Products */,
			);
			sourceTree = "<group>";
		};
		61013A6B217A207200E445D1 /* Products */ = {
			isa = PBXGroup;
			children = (
				61013A6A217A207200E445D1 /* Peggle.app */,
			);
			name = Products;
			sourceTree = "<group>";
		};
		61013A6C217A207200E445D1 /* Peggle */ = {
			isa = PBXGroup;
			children = (
				61013ABF217A226A00E445D1 /* Content */,
				61013A85217A214800E445D1 /* Helper.swift */,
				61013A6D217A207200E445D1 /* AppDelegate.swift */,
				61013A6F217A207200E445D1 /* GameScene.sks */,
				61013A73217A207200E445D1 /* GameScene.swift */,
				61013A75217A207200E445D1 /* GameViewController.swift */,
				61013A77217A207200E445D1 /* Main.storyboard */,
				61013A7A217A207300E445D1 /* Assets.xcassets */,
				61013A7C217A207300E445D1 /* LaunchScreen.storyboard */,
				61013A7F217A207300E445D1 /* Info.plist */,
			);
			path = Peggle;
			sourceTree = "<group>";
		};
		61013ABF217A226A00E445D1 /* Content */ = {
			isa = PBXGroup;
			children = (
				61013AC0217A226A00E445D1 /* background.jpg */,
				61013AC1217A226A00E445D1 /* background@2x.jpg */,
				61013AC2217A226A00E445D1 /* ballBlue.png */,
				61013AC3217A226A00E445D1 /* ballBlue@2x.png */,
				61013AC4217A226A00E445D1 /* ballCyan.png */,
				61013AC5217A226A00E445D1 /* ballCyan@2x.png */,
				61013AC6217A226A00E445D1 /* ballGreen.png */,
				61013AC7217A226A00E445D1 /* ballGreen@2x.png */,
				61013AC8217A226A00E445D1 /* ballGrey.png */,
				61013AC9217A226A00E445D1 /* ballGrey@2x.png */,
				61013ACA217A226A00E445D1 /* ballPurple.png */,
				61013ACB217A226A00E445D1 /* ballPurple@2x.png */,
				61013ACC217A226A00E445D1 /* ballRed.png */,
				61013ACD217A226A00E445D1 /* ballRed@2x.png */,
				61013ACE217A226A00E445D1 /* ballYellow.png */,
				61013ACF217A226A00E445D1 /* ballYellow@2x.png */,
				61013AD0217A226A00E445D1 /* bouncer.png */,
				61013AD1217A226A00E445D1 /* bouncer@2x.png */,
				61013AD2217A226A00E445D1 /* FireParticles.sks */,
				61013AD3217A226A00E445D1 /* slotBaseBad.png */,
				61013AD4217A226A00E445D1 /* slotBaseBad@2x.png */,
				61013AD5217A226A00E445D1 /* slotBaseGood.png */,
				61013AD6217A226A00E445D1 /* slotBaseGood@2x.png */,
				61013AD7217A226A00E445D1 /* slotGlowBad.png */,
				61013AD8217A226A00E445D1 /* slotGlowBad@2x.png */,
				61013AD9217A226A00E445D1 /* slotGlowGood.png */,
				61013ADA217A226A00E445D1 /* slotGlowGood@2x.png */,
				61013ADB217A226A00E445D1 /* spark.png */,
			);
			name = Content;
			path = ../../Peggle_old/Peggle/Content;
			sourceTree = "<group>";
		};
/* End PBXGroup section */

/* Begin PBXNativeTarget section */
		61013A69217A207200E445D1 /* Peggle */ = {
			isa = PBXNativeTarget;
			buildConfigurationList = 61013A82217A207300E445D1 /* Build configuration list for PBXNativeTarget "Peggle" */;
			buildPhases = (
				61013A66217A207200E445D1 /* Sources */,
				61013A67217A207200E445D1 /* Frameworks */,
				61013A68217A207200E445D1 /* Resources */,
			);
			buildRules = (
			);
			dependencies = (
			);
			name = Peggle;
			productName = Peggle;
			productReference = 61013A6A217A207200E445D1 /* Peggle.app */;
			productType = "com.apple.product-type.application";
		};
/* End PBXNativeTarget section */

/* Begin PBXProject section */
		61013A62217A207200E445D1 /* Project object */ = {
			isa = PBXProject;
			attributes = {
				LastSwiftUpdateCheck = 0940;
				LastUpgradeCheck = 0940;
				ORGANIZATIONNAME = "Brian McCarthy";
				TargetAttributes = {
					61013A69217A207200E445D1 = {
						CreatedOnToolsVersion = 9.4.1;
					};
				};
			};
			buildConfigurationList = 61013A65217A207200E445D1 /* Build configuration list for PBXProject "Peggle" */;
			compatibilityVersion = "Xcode 9.3";
			developmentRegion = en;
			hasScannedForEncodings = 0;
			knownRegions = (
				en,
				Base,
			);
			mainGroup = 61013A61217A207200E445D1;
			productRefGroup = 61013A6B217A207200E445D1 /* Products */;
			projectDirPath = "";
			projectRoot = "";
			targets = (
				61013A69217A207200E445D1 /* Peggle */,
			);
		};
/* End PBXProject section */

/* Begin PBXResourcesBuildPhase section */
		61013A68217A207200E445D1 /* Resources */ = {
			isa = PBXResourcesBuildPhase;
			buildActionMask = 2147483647;
			files = (
				61013AE5217A226A00E445D1 /* ballGrey@2x.png in Resources */,
				61013AE7217A226A00E445D1 /* ballPurple@2x.png in Resources */,
				61013AF4217A226A00E445D1 /* slotGlowBad@2x.png in Resources */,
				61013AE0217A226A00E445D1 /* ballCyan.png in Resources */,
				61013AF1217A226A00E445D1 /* slotBaseGood.png in Resources */,
				61013A79217A207200E445D1 /* Main.storyboard in Resources */,
				61013ADE217A226A00E445D1 /* ballBlue.png in Resources */,
				61013AF5217A226A00E445D1 /* slotGlowGood.png in Resources */,
				61013AF0217A226A00E445D1 /* slotBaseBad@2x.png in Resources */,
				61013AEB217A226A00E445D1 /* ballYellow@2x.png in Resources */,
				61013AEF217A226A00E445D1 /* slotBaseBad.png in Resources */,
				61013ADC217A226A00E445D1 /* background.jpg in Resources */,
				61013AF2217A226A00E445D1 /* slotBaseGood@2x.png in Resources */,
				61013AED217A226A00E445D1 /* bouncer@2x.png in Resources */,
				61013AE8217A226A00E445D1 /* ballRed.png in Resources */,
				61013AEE217A226A00E445D1 /* FireParticles.sks in Resources */,
				61013AE9217A226A00E445D1 /* ballRed@2x.png in Resources */,
				61013A70217A207200E445D1 /* GameScene.sks in Resources */,
				61013AF3217A226A00E445D1 /* slotGlowBad.png in Resources */,
				61013A7B217A207300E445D1 /* Assets.xcassets in Resources */,
				61013AEA217A226A00E445D1 /* ballYellow.png in Resources */,
				61013AEC217A226A00E445D1 /* bouncer.png in Resources */,
				61013AE2217A226A00E445D1 /* ballGreen.png in Resources */,
				61013ADD217A226A00E445D1 /* background@2x.jpg in Resources */,
				61013A7E217A207300E445D1 /* LaunchScreen.storyboard in Resources */,
				61013AE4217A226A00E445D1 /* ballGrey.png in Resources */,
				61013AE3217A226A00E445D1 /* ballGreen@2x.png in Resources */,
				61013AE1217A226A00E445D1 /* ballCyan@2x.png in Resources */,
				61013AF6217A226A00E445D1 /* slotGlowGood@2x.png in Resources */,
				61013AF7217A226A00E445D1 /* spark.png in Resources */,
				61013AE6217A226A00E445D1 /* ballPurple.png in Resources */,
				61013ADF217A226A00E445D1 /* ballBlue@2x.png in Resources */,
			);
			runOnlyForDeploymentPostprocessing = 0;
		};
/* End PBXResourcesBuildPhase section */

/* Begin PBXSourcesBuildPhase section */
		61013A66217A207200E445D1 /* Sources */ = {
			isa = PBXSourcesBuildPhase;
			buildActionMask = 2147483647;
			files = (
				61013A74217A207200E445D1 /* GameScene.swift in Sources */,
				61013A76217A207200E445D1 /* GameViewController.swift in Sources */,
				61013A6E217A207200E445D1 /* AppDelegate.swift in Sources */,
				61013A86217A214800E445D1 /* Helper.swift in Sources */,
			);
			runOnlyForDeploymentPostprocessing = 0;
		};
/* End PBXSourcesBuildPhase section */

/* Begin PBXVariantGroup section */
		61013A77217A207200E445D1 /* Main.storyboard */ = {
			isa = PBXVariantGroup;
			children = (
				61013A78217A207200E445D1 /* Base */,
			);
			name = Main.storyboard;
			sourceTree = "<group>";
		};
		61013A7C217A207300E445D1 /* LaunchScreen.storyboard */ = {
			isa = PBXVariantGroup;
			children = (
				61013A7D217A207300E445D1 /* Base */,
			);
			name = LaunchScreen.storyboard;
			sourceTree = "<group>";
		};
/* End PBXVariantGroup section */

/* Begin XCBuildConfiguration section */
		61013A80217A207300E445D1 /* Debug */ = {
			isa = XCBuildConfiguration;
			buildSettings = {
				ALWAYS_SEARCH_USER_PATHS = NO;
				CLANG_ANALYZER_NONNULL = YES;
				CLANG_ANALYZER_NUMBER_OBJECT_CONVERSION = YES_AGGRESSIVE;
				CLANG_CXX_LANGUAGE_STANDARD = "gnu++14";
				CLANG_CXX_LIBRARY = "libc++";
				CLANG_ENABLE_MODULES = YES;
				CLANG_ENABLE_OBJC_ARC = YES;
				CLANG_ENABLE_OBJC_WEAK = YES;
				CLANG_WARN_BLOCK_CAPTURE_AUTORELEASING = YES;
				CLANG_WARN_BOOL_CONVERSION = YES;
				CLANG_WARN_COMMA = YES;
				CLANG_WARN_CONSTANT_CONVERSION = YES;
				CLANG_WARN_DEPRECATED_OBJC_IMPLEMENTATIONS = YES;
				CLANG_WARN_DIRECT_OBJC_ISA_USAGE = YES_ERROR;
				CLANG_WARN_DOCUMENTATION_COMMENTS = YES;
				CLANG_WARN_EMPTY_BODY = YES;
				CLANG_WARN_ENUM_CONVERSION = YES;
				CLANG_WARN_INFINITE_RECURSION = YES;
				CLANG_WARN_INT_CONVERSION = YES;
				CLANG_WARN_NON_LITERAL_NULL_CONVERSION = YES;
				CLANG_WARN_OBJC_IMPLICIT_RETAIN_SELF = YES;
				CLANG_WARN_OBJC_LITERAL_CONVERSION = YES;
				CLANG_WARN_OBJC_ROOT_CLASS = YES_ERROR;
				CLANG_WARN_RANGE_LOOP_ANALYSIS = YES;
				CLANG_WARN_STRICT_PROTOTYPES = YES;
				CLANG_WARN_SUSPICIOUS_MOVE = YES;
				CLANG_WARN_UNGUARDED_AVAILABILITY = YES_AGGRESSIVE;
				CLANG_WARN_UNREACHABLE_CODE = YES;
				CLANG_WARN__DUPLICATE_METHOD_MATCH = YES;
				CODE_SIGN_IDENTITY = "iPhone Developer";
				COPY_PHASE_STRIP = NO;
				DEBUG_INFORMATION_FORMAT = dwarf;
				ENABLE_STRICT_OBJC_MSGSEND = YES;
				ENABLE_TESTABILITY = YES;
				GCC_C_LANGUAGE_STANDARD = gnu11;
				GCC_DYNAMIC_NO_PIC = NO;
				GCC_NO_COMMON_BLOCKS = YES;
				GCC_OPTIMIZATION_LEVEL = 0;
				GCC_PREPROCESSOR_DEFINITIONS = (
					"DEBUG=1",
					"$(inherited)",
				);
				GCC_WARN_64_TO_32_BIT_CONVERSION = YES;
				GCC_WARN_ABOUT_RETURN_TYPE = YES_ERROR;
				GCC_WARN_UNDECLARED_SELECTOR = YES;
				GCC_WARN_UNINITIALIZED_AUTOS = YES_AGGRESSIVE;
				GCC_WARN_UNUSED_FUNCTION = YES;
				GCC_WARN_UNUSED_VARIABLE = YES;
				IPHONEOS_DEPLOYMENT_TARGET = 11.4;
				MTL_ENABLE_DEBUG_INFO = YES;
				ONLY_ACTIVE_ARCH = YES;
				SDKROOT = iphoneos;
				SWIFT_ACTIVE_COMPILATION_CONDITIONS = DEBUG;
				SWIFT_OPTIMIZATION_LEVEL = "-Onone";
			};
			name = Debug;
		};
		61013A81217A207300E445D1 /* Release */ = {
			isa = XCBuildConfiguration;
			buildSettings = {
				ALWAYS_SEARCH_USER_PATHS = NO;
				CLANG_ANALYZER_NONNULL = YES;
				CLANG_ANALYZER_NUMBER_OBJECT_CONVERSION = YES_AGGRESSIVE;
				CLANG_CXX_LANGUAGE_STANDARD = "gnu++14";
				CLANG_CXX_LIBRARY = "libc++";
				CLANG_ENABLE_MODULES = YES;
				CLANG_ENABLE_OBJC_ARC = YES;
				CLANG_ENABLE_OBJC_WEAK = YES;
				CLANG_WARN_BLOCK_CAPTURE_AUTORELEASING = YES;
				CLANG_WARN_BOOL_CONVERSION = YES;
				CLANG_WARN_COMMA = YES;
				CLANG_WARN_CONSTANT_CONVERSION = YES;
				CLANG_WARN_DEPRECATED_OBJC_IMPLEMENTATIONS = YES;
				CLANG_WARN_DIRECT_OBJC_ISA_USAGE = YES_ERROR;
				CLANG_WARN_DOCUMENTATION_COMMENTS = YES;
				CLANG_WARN_EMPTY_BODY = YES;
				CLANG_WARN_ENUM_CONVERSION = YES;
				CLANG_WARN_INFINITE_RECURSION = YES;
				CLANG_WARN_INT_CONVERSION = YES;
				CLANG_WARN_NON_LITERAL_NULL_CONVERSION = YES;
				CLANG_WARN_OBJC_IMPLICIT_RETAIN_SELF = YES;
				CLANG_WARN_OBJC_LITERAL_CONVERSION = YES;
				CLANG_WARN_OBJC_ROOT_CLASS = YES_ERROR;
				CLANG_WARN_RANGE_LOOP_ANALYSIS = YES;
				CLANG_WARN_STRICT_PROTOTYPES = YES;
				CLANG_WARN_SUSPICIOUS_MOVE = YES;
				CLANG_WARN_UNGUARDED_AVAILABILITY = YES_AGGRESSIVE;
				CLANG_WARN_UNREACHABLE_CODE = YES;
				CLANG_WARN__DUPLICATE_METHOD_MATCH = YES;
				CODE_SIGN_IDENTITY = "iPhone Developer";
				COPY_PHASE_STRIP = NO;
				DEBUG_INFORMATION_FORMAT = "dwarf-with-dsym";
				ENABLE_NS_ASSERTIONS = NO;
				ENABLE_STRICT_OBJC_MSGSEND = YES;
				GCC_C_LANGUAGE_STANDARD = gnu11;
				GCC_NO_COMMON_BLOCKS = YES;
				GCC_WARN_64_TO_32_BIT_CONVERSION = YES;
				GCC_WARN_ABOUT_RETURN_TYPE = YES_ERROR;
				GCC_WARN_UNDECLARED_SELECTOR = YES;
				GCC_WARN_UNINITIALIZED_AUTOS = YES_AGGRESSIVE;
				GCC_WARN_UNUSED_FUNCTION = YES;
				GCC_WARN_UNUSED_VARIABLE = YES;
				IPHONEOS_DEPLOYMENT_TARGET = 11.4;
				MTL_ENABLE_DEBUG_INFO = NO;
				SDKROOT = iphoneos;
				SWIFT_COMPILATION_MODE = wholemodule;
				SWIFT_OPTIMIZATION_LEVEL = "-O";
				VALIDATE_PRODUCT = YES;
			};
			name = Release;
		};
		61013A83217A207300E445D1 /* Debug */ = {
			isa = XCBuildConfiguration;
			buildSettings = {
				ASSETCATALOG_COMPILER_APPICON_NAME = AppIcon;
				CODE_SIGN_STYLE = Automatic;
				INFOPLIST_FILE = Peggle/Info.plist;
				LD_RUNPATH_SEARCH_PATHS = (
					"$(inherited)",
					"@executable_path/Frameworks",
				);
				PRODUCT_BUNDLE_IDENTIFIER = WIT.Peggle;
				PRODUCT_NAME = "$(TARGET_NAME)";
				SWIFT_VERSION = 4.0;
				TARGETED_DEVICE_FAMILY = 2;
			};
			name = Debug;
		};
		61013A84217A207300E445D1 /* Release */ = {
			isa = XCBuildConfiguration;
			buildSettings = {
				ASSETCATALOG_COMPILER_APPICON_NAME = AppIcon;
				CODE_SIGN_STYLE = Automatic;
				INFOPLIST_FILE = Peggle/Info.plist;
				LD_RUNPATH_SEARCH_PATHS = (
					"$(inherited)",
					"@executable_path/Frameworks",
				);
				PRODUCT_BUNDLE_IDENTIFIER = WIT.Peggle;
				PRODUCT_NAME = "$(TARGET_NAME)";
				SWIFT_VERSION = 4.0;
				TARGETED_DEVICE_FAMILY = 2;
			};
			name = Release;
		};
/* End XCBuildConfiguration section */

/* Begin XCConfigurationList section */
		61013A65217A207200E445D1 /* Build configuration list for PBXProject "Peggle" */ = {
			isa = XCConfigurationList;
			buildConfigurations = (
				61013A80217A207300E445D1 /* Debug */,
				61013A81217A207300E445D1 /* Release */,
			);
			defaultConfigurationIsVisible = 0;
			defaultConfigurationName = Release;
		};
		61013A82217A207300E445D1 /* Build configuration list for PBXNativeTarget "Peggle" */ = {
			isa = XCConfigurationList;
			buildConfigurations = (
				61013A83217A207300E445D1 /* Debug */,
				61013A84217A207300E445D1 /* Release */,
			);
			defaultConfigurationIsVisible = 0;
			defaultConfigurationName = Release;
		};
/* End XCConfigurationList section */
	};
	rootObject = 61013A62217A207200E445D1 /* Project object */;
}
