// !$*UTF8*$!
{
	archiveVersion = 1;
	classes = {
	};
	objectVersion = 50;
	objects = {

/* Begin PBXBuildFile section */
		61E17F3F2195A72700DD02E7 /* AppDelegate.swift in Sources */ = {isa = PBXBuildFile; fileRef = 61E17F3E2195A72700DD02E7 /* AppDelegate.swift */; };
		61E17F412195A72700DD02E7 /* GameScene.sks in Resources */ = {isa = PBXBuildFile; fileRef = 61E17F402195A72700DD02E7 /* GameScene.sks */; };
		61E17F452195A72700DD02E7 /* GameScene.swift in Sources */ = {isa = PBXBuildFile; fileRef = 61E17F442195A72700DD02E7 /* GameScene.swift */; };
		61E17F472195A72700DD02E7 /* GameViewController.swift in Sources */ = {isa = PBXBuildFile; fileRef = 61E17F462195A72700DD02E7 /* GameViewController.swift */; };
		61E17F4A2195A72700DD02E7 /* Main.storyboard in Resources */ = {isa = PBXBuildFile; fileRef = 61E17F482195A72700DD02E7 /* Main.storyboard */; };
		61E17F4C2195A72800DD02E7 /* Assets.xcassets in Resources */ = {isa = PBXBuildFile; fileRef = 61E17F4B2195A72800DD02E7 /* Assets.xcassets */; };
		61E17F4F2195A72800DD02E7 /* LaunchScreen.storyboard in Resources */ = {isa = PBXBuildFile; fileRef = 61E17F4D2195A72800DD02E7 /* LaunchScreen.storyboard */; };
		61E17F642195AE6800DD02E7 /* Level-01.plist in Resources */ = {isa = PBXBuildFile; fileRef = 61E17F5A2195AE6800DD02E7 /* Level-01.plist */; };
		61E17F652195AE6800DD02E7 /* Particle.png in Resources */ = {isa = PBXBuildFile; fileRef = 61E17F5C2195AE6800DD02E7 /* Particle.png */; };
		61E17F662195AE6800DD02E7 /* Particle.sks in Resources */ = {isa = PBXBuildFile; fileRef = 61E17F5D2195AE6800DD02E7 /* Particle.sks */; };
		61E17F672195AE6800DD02E7 /* Particle@2x.png in Resources */ = {isa = PBXBuildFile; fileRef = 61E17F5E2195AE6800DD02E7 /* Particle@2x.png */; };
		61E17F682195AE6800DD02E7 /* CheeZeeJungle.caf in Resources */ = {isa = PBXBuildFile; fileRef = 61E17F602195AE6800DD02E7 /* CheeZeeJungle.caf */; };
		61E17F692195AE6800DD02E7 /* NomNom.caf in Resources */ = {isa = PBXBuildFile; fileRef = 61E17F612195AE6800DD02E7 /* NomNom.caf */; };
		61E17F6A2195AE6800DD02E7 /* Slice.caf in Resources */ = {isa = PBXBuildFile; fileRef = 61E17F622195AE6800DD02E7 /* Slice.caf */; };
		61E17F6B2195AE6800DD02E7 /* Splash.caf in Resources */ = {isa = PBXBuildFile; fileRef = 61E17F632195AE6800DD02E7 /* Splash.caf */; };
		61E17FC42195B06A00DD02E7 /* Constants.swift in Sources */ = {isa = PBXBuildFile; fileRef = 61E17FC32195B06A00DD02E7 /* Constants.swift */; };
/* End PBXBuildFile section */

/* Begin PBXFileReference section */
		61E17F3B2195A72700DD02E7 /* Feed Me.app */ = {isa = PBXFileReference; explicitFileType = wrapper.application; includeInIndex = 0; path = "Feed Me.app"; sourceTree = BUILT_PRODUCTS_DIR; };
		61E17F3E2195A72700DD02E7 /* AppDelegate.swift */ = {isa = PBXFileReference; lastKnownFileType = sourcecode.swift; path = AppDelegate.swift; sourceTree = "<group>"; };
		61E17F402195A72700DD02E7 /* GameScene.sks */ = {isa = PBXFileReference; lastKnownFileType = file.sks; path = GameScene.sks; sourceTree = "<group>"; };
		61E17F442195A72700DD02E7 /* GameScene.swift */ = {isa = PBXFileReference; lastKnownFileType = sourcecode.swift; path = GameScene.swift; sourceTree = "<group>"; };
		61E17F462195A72700DD02E7 /* GameViewController.swift */ = {isa = PBXFileReference; lastKnownFileType = sourcecode.swift; path = GameViewController.swift; sourceTree = "<group>"; };
		61E17F492195A72700DD02E7 /* Base */ = {isa = PBXFileReference; lastKnownFileType = file.storyboard; name = Base; path = Base.lproj/Main.storyboard; sourceTree = "<group>"; };
		61E17F4B2195A72800DD02E7 /* Assets.xcassets */ = {isa = PBXFileReference; lastKnownFileType = folder.assetcatalog; path = Assets.xcassets; sourceTree = "<group>"; };
		61E17F4E2195A72800DD02E7 /* Base */ = {isa = PBXFileReference; lastKnownFileType = file.storyboard; name = Base; path = Base.lproj/LaunchScreen.storyboard; sourceTree = "<group>"; };
		61E17F502195A72800DD02E7 /* Info.plist */ = {isa = PBXFileReference; lastKnownFileType = text.plist.xml; path = Info.plist; sourceTree = "<group>"; };
		61E17F5A2195AE6800DD02E7 /* Level-01.plist */ = {isa = PBXFileReference; fileEncoding = 4; lastKnownFileType = text.plist.xml; path = "Level-01.plist"; sourceTree = "<group>"; };
		61E17F5C2195AE6800DD02E7 /* Particle.png */ = {isa = PBXFileReference; lastKnownFileType = image.png; path = Particle.png; sourceTree = "<group>"; };
		61E17F5D2195AE6800DD02E7 /* Particle.sks */ = {isa = PBXFileReference; lastKnownFileType = file.sks; path = Particle.sks; sourceTree = "<group>"; };
		61E17F5E2195AE6800DD02E7 /* Particle@2x.png */ = {isa = PBXFileReference; lastKnownFileType = image.png; path = "Particle@2x.png"; sourceTree = "<group>"; };
		61E17F602195AE6800DD02E7 /* CheeZeeJungle.caf */ = {isa = PBXFileReference; lastKnownFileType = file; path = CheeZeeJungle.caf; sourceTree = "<group>"; };
		61E17F612195AE6800DD02E7 /* NomNom.caf */ = {isa = PBXFileReference; lastKnownFileType = file; path = NomNom.caf; sourceTree = "<group>"; };
		61E17F622195AE6800DD02E7 /* Slice.caf */ = {isa = PBXFileReference; lastKnownFileType = file; path = Slice.caf; sourceTree = "<group>"; };
		61E17F632195AE6800DD02E7 /* Splash.caf */ = {isa = PBXFileReference; lastKnownFileType = file; path = Splash.caf; sourceTree = "<group>"; };
		61E17FC32195B06A00DD02E7 /* Constants.swift */ = {isa = PBXFileReference; lastKnownFileType = sourcecode.swift; path = Constants.swift; sourceTree = "<group>"; };
/* End PBXFileReference section */

/* Begin PBXFrameworksBuildPhase section */
		61E17F382195A72700DD02E7 /* Frameworks */ = {
			isa = PBXFrameworksBuildPhase;
			buildActionMask = 2147483647;
			files = (
			);
			runOnlyForDeploymentPostprocessing = 0;
		};
/* End PBXFrameworksBuildPhase section */

/* Begin PBXGroup section */
		61E17F322195A72700DD02E7 = {
			isa = PBXGroup;
			children = (
				61E17F3D2195A72700DD02E7 /* Feed Me */,
				61E17F3C2195A72700DD02E7 /* Products */,
			);
			sourceTree = "<group>";
		};
		61E17F3C2195A72700DD02E7 /* Products */ = {
			isa = PBXGroup;
			children = (
				61E17F3B2195A72700DD02E7 /* Feed Me.app */,
			);
			name = Products;
			sourceTree = "<group>";
		};
		61E17F3D2195A72700DD02E7 /* Feed Me */ = {
			isa = PBXGroup;
			children = (
				61E17F582195AE6800DD02E7 /* Resources */,
				61E17F572195ACD400DD02E7 /* Classes */,
				61E17F562195ACCA00DD02E7 /* Helpers */,
				61E17F3E2195A72700DD02E7 /* AppDelegate.swift */,
				61E17F402195A72700DD02E7 /* GameScene.sks */,
				61E17F442195A72700DD02E7 /* GameScene.swift */,
				61E17F462195A72700DD02E7 /* GameViewController.swift */,
				61E17F482195A72700DD02E7 /* Main.storyboard */,
				61E17F4B2195A72800DD02E7 /* Assets.xcassets */,
				61E17F4D2195A72800DD02E7 /* LaunchScreen.storyboard */,
				61E17F502195A72800DD02E7 /* Info.plist */,
			);
			path = "Feed Me";
			sourceTree = "<group>";
		};
		61E17F562195ACCA00DD02E7 /* Helpers */ = {
			isa = PBXGroup;
			children = (
				61E17FC32195B06A00DD02E7 /* Constants.swift */,
			);
			path = Helpers;
			sourceTree = "<group>";
		};
		61E17F572195ACD400DD02E7 /* Classes */ = {
			isa = PBXGroup;
			children = (
			);
			path = Classes;
			sourceTree = "<group>";
		};
		61E17F582195AE6800DD02E7 /* Resources */ = {
			isa = PBXGroup;
			children = (
				61E17F592195AE6800DD02E7 /* Data */,
				61E17F5B2195AE6800DD02E7 /* Particles */,
				61E17F5F2195AE6800DD02E7 /* Sounds */,
			);
			path = Resources;
			sourceTree = "<group>";
		};
		61E17F592195AE6800DD02E7 /* Data */ = {
			isa = PBXGroup;
			children = (
				61E17F5A2195AE6800DD02E7 /* Level-01.plist */,
			);
			path = Data;
			sourceTree = "<group>";
		};
		61E17F5B2195AE6800DD02E7 /* Particles */ = {
			isa = PBXGroup;
			children = (
				61E17F5C2195AE6800DD02E7 /* Particle.png */,
				61E17F5D2195AE6800DD02E7 /* Particle.sks */,
				61E17F5E2195AE6800DD02E7 /* Particle@2x.png */,
			);
			path = Particles;
			sourceTree = "<group>";
		};
		61E17F5F2195AE6800DD02E7 /* Sounds */ = {
			isa = PBXGroup;
			children = (
				61E17F602195AE6800DD02E7 /* CheeZeeJungle.caf */,
				61E17F612195AE6800DD02E7 /* NomNom.caf */,
				61E17F622195AE6800DD02E7 /* Slice.caf */,
				61E17F632195AE6800DD02E7 /* Splash.caf */,
			);
			path = Sounds;
			sourceTree = "<group>";
		};
/* End PBXGroup section */

/* Begin PBXNativeTarget section */
		61E17F3A2195A72700DD02E7 /* Feed Me */ = {
			isa = PBXNativeTarget;
			buildConfigurationList = 61E17F532195A72800DD02E7 /* Build configuration list for PBXNativeTarget "Feed Me" */;
			buildPhases = (
				61E17F372195A72700DD02E7 /* Sources */,
				61E17F382195A72700DD02E7 /* Frameworks */,
				61E17F392195A72700DD02E7 /* Resources */,
			);
			buildRules = (
			);
			dependencies = (
			);
			name = "Feed Me";
			productName = "Feed Me";
			productReference = 61E17F3B2195A72700DD02E7 /* Feed Me.app */;
			productType = "com.apple.product-type.application";
		};
/* End PBXNativeTarget section */

/* Begin PBXProject section */
		61E17F332195A72700DD02E7 /* Project object */ = {
			isa = PBXProject;
			attributes = {
				LastSwiftUpdateCheck = 0940;
				LastUpgradeCheck = 0940;
				ORGANIZATIONNAME = "Brian McCarthy";
				TargetAttributes = {
					61E17F3A2195A72700DD02E7 = {
						CreatedOnToolsVersion = 9.4.1;
					};
				};
			};
			buildConfigurationList = 61E17F362195A72700DD02E7 /* Build configuration list for PBXProject "Feed Me" */;
			compatibilityVersion = "Xcode 9.3";
			developmentRegion = en;
			hasScannedForEncodings = 0;
			knownRegions = (
				en,
				Base,
			);
			mainGroup = 61E17F322195A72700DD02E7;
			productRefGroup = 61E17F3C2195A72700DD02E7 /* Products */;
			projectDirPath = "";
			projectRoot = "";
			targets = (
				61E17F3A2195A72700DD02E7 /* Feed Me */,
			);
		};
/* End PBXProject section */

/* Begin PBXResourcesBuildPhase section */
		61E17F392195A72700DD02E7 /* Resources */ = {
			isa = PBXResourcesBuildPhase;
			buildActionMask = 2147483647;
			files = (
				61E17F692195AE6800DD02E7 /* NomNom.caf in Resources */,
				61E17F672195AE6800DD02E7 /* Particle@2x.png in Resources */,
				61E17F662195AE6800DD02E7 /* Particle.sks in Resources */,
				61E17F6A2195AE6800DD02E7 /* Slice.caf in Resources */,
				61E17F4A2195A72700DD02E7 /* Main.storyboard in Resources */,
				61E17F6B2195AE6800DD02E7 /* Splash.caf in Resources */,
				61E17F652195AE6800DD02E7 /* Particle.png in Resources */,
				61E17F642195AE6800DD02E7 /* Level-01.plist in Resources */,
				61E17F412195A72700DD02E7 /* GameScene.sks in Resources */,
				61E17F4C2195A72800DD02E7 /* Assets.xcassets in Resources */,
				61E17F4F2195A72800DD02E7 /* LaunchScreen.storyboard in Resources */,
				61E17F682195AE6800DD02E7 /* CheeZeeJungle.caf in Resources */,
			);
			runOnlyForDeploymentPostprocessing = 0;
		};
/* End PBXResourcesBuildPhase section */

/* Begin PBXSourcesBuildPhase section */
		61E17F372195A72700DD02E7 /* Sources */ = {
			isa = PBXSourcesBuildPhase;
			buildActionMask = 2147483647;
			files = (
				61E17F452195A72700DD02E7 /* GameScene.swift in Sources */,
				61E17F472195A72700DD02E7 /* GameViewController.swift in Sources */,
				61E17F3F2195A72700DD02E7 /* AppDelegate.swift in Sources */,
				61E17FC42195B06A00DD02E7 /* Constants.swift in Sources */,
			);
			runOnlyForDeploymentPostprocessing = 0;
		};
/* End PBXSourcesBuildPhase section */

/* Begin PBXVariantGroup section */
		61E17F482195A72700DD02E7 /* Main.storyboard */ = {
			isa = PBXVariantGroup;
			children = (
				61E17F492195A72700DD02E7 /* Base */,
			);
			name = Main.storyboard;
			sourceTree = "<group>";
		};
		61E17F4D2195A72800DD02E7 /* LaunchScreen.storyboard */ = {
			isa = PBXVariantGroup;
			children = (
				61E17F4E2195A72800DD02E7 /* Base */,
			);
			name = LaunchScreen.storyboard;
			sourceTree = "<group>";
		};
/* End PBXVariantGroup section */

/* Begin XCBuildConfiguration section */
		61E17F512195A72800DD02E7 /* Debug */ = {
			isa = XCBuildConfiguration;
			buildSettings = {
				ALWAYS_SEARCH_USER_PATHS = NO;
				CLANG_ANALYZER_NONNULL = YES;
				CLANG_ANALYZER_NUMBER_OBJECT_CONVERSION = YES_AGGRESSIVE;
				CLANG_CXX_LANGUAGE_STANDARD = "gnu++14";
				CLANG_CXX_LIBRARY = "libc++";
				CLANG_ENABLE_MODULES = YES;
				CLANG_ENABLE_OBJC_ARC = YES;
				CLANG_ENABLE_OBJC_WEAK = YES;
				CLANG_WARN_BLOCK_CAPTURE_AUTORELEASING = YES;
				CLANG_WARN_BOOL_CONVERSION = YES;
				CLANG_WARN_COMMA = YES;
				CLANG_WARN_CONSTANT_CONVERSION = YES;
				CLANG_WARN_DEPRECATED_OBJC_IMPLEMENTATIONS = YES;
				CLANG_WARN_DIRECT_OBJC_ISA_USAGE = YES_ERROR;
				CLANG_WARN_DOCUMENTATION_COMMENTS = YES;
				CLANG_WARN_EMPTY_BODY = YES;
				CLANG_WARN_ENUM_CONVERSION = YES;
				CLANG_WARN_INFINITE_RECURSION = YES;
				CLANG_WARN_INT_CONVERSION = YES;
				CLANG_WARN_NON_LITERAL_NULL_CONVERSION = YES;
				CLANG_WARN_OBJC_IMPLICIT_RETAIN_SELF = YES;
				CLANG_WARN_OBJC_LITERAL_CONVERSION = YES;
				CLANG_WARN_OBJC_ROOT_CLASS = YES_ERROR;
				CLANG_WARN_RANGE_LOOP_ANALYSIS = YES;
				CLANG_WARN_STRICT_PROTOTYPES = YES;
				CLANG_WARN_SUSPICIOUS_MOVE = YES;
				CLANG_WARN_UNGUARDED_AVAILABILITY = YES_AGGRESSIVE;
				CLANG_WARN_UNREACHABLE_CODE = YES;
				CLANG_WARN__DUPLICATE_METHOD_MATCH = YES;
				CODE_SIGN_IDENTITY = "iPhone Developer";
				COPY_PHASE_STRIP = NO;
				DEBUG_INFORMATION_FORMAT = dwarf;
				ENABLE_STRICT_OBJC_MSGSEND = YES;
				ENABLE_TESTABILITY = YES;
				GCC_C_LANGUAGE_STANDARD = gnu11;
				GCC_DYNAMIC_NO_PIC = NO;
				GCC_NO_COMMON_BLOCKS = YES;
				GCC_OPTIMIZATION_LEVEL = 0;
				GCC_PREPROCESSOR_DEFINITIONS = (
					"DEBUG=1",
					"$(inherited)",
				);
				GCC_WARN_64_TO_32_BIT_CONVERSION = YES;
				GCC_WARN_ABOUT_RETURN_TYPE = YES_ERROR;
				GCC_WARN_UNDECLARED_SELECTOR = YES;
				GCC_WARN_UNINITIALIZED_AUTOS = YES_AGGRESSIVE;
				GCC_WARN_UNUSED_FUNCTION = YES;
				GCC_WARN_UNUSED_VARIABLE = YES;
				IPHONEOS_DEPLOYMENT_TARGET = 11.4;
				MTL_ENABLE_DEBUG_INFO = YES;
				ONLY_ACTIVE_ARCH = YES;
				SDKROOT = iphoneos;
				SWIFT_ACTIVE_COMPILATION_CONDITIONS = DEBUG;
				SWIFT_OPTIMIZATION_LEVEL = "-Onone";
			};
			name = Debug;
		};
		61E17F522195A72800DD02E7 /* Release */ = {
			isa = XCBuildConfiguration;
			buildSettings = {
				ALWAYS_SEARCH_USER_PATHS = NO;
				CLANG_ANALYZER_NONNULL = YES;
				CLANG_ANALYZER_NUMBER_OBJECT_CONVERSION = YES_AGGRESSIVE;
				CLANG_CXX_LANGUAGE_STANDARD = "gnu++14";
				CLANG_CXX_LIBRARY = "libc++";
				CLANG_ENABLE_MODULES = YES;
				CLANG_ENABLE_OBJC_ARC = YES;
				CLANG_ENABLE_OBJC_WEAK = YES;
				CLANG_WARN_BLOCK_CAPTURE_AUTORELEASING = YES;
				CLANG_WARN_BOOL_CONVERSION = YES;
				CLANG_WARN_COMMA = YES;
				CLANG_WARN_CONSTANT_CONVERSION = YES;
				CLANG_WARN_DEPRECATED_OBJC_IMPLEMENTATIONS = YES;
				CLANG_WARN_DIRECT_OBJC_ISA_USAGE = YES_ERROR;
				CLANG_WARN_DOCUMENTATION_COMMENTS = YES;
				CLANG_WARN_EMPTY_BODY = YES;
				CLANG_WARN_ENUM_CONVERSION = YES;
				CLANG_WARN_INFINITE_RECURSION = YES;
				CLANG_WARN_INT_CONVERSION = YES;
				CLANG_WARN_NON_LITERAL_NULL_CONVERSION = YES;
				CLANG_WARN_OBJC_IMPLICIT_RETAIN_SELF = YES;
				CLANG_WARN_OBJC_LITERAL_CONVERSION = YES;
				CLANG_WARN_OBJC_ROOT_CLASS = YES_ERROR;
				CLANG_WARN_RANGE_LOOP_ANALYSIS = YES;
				CLANG_WARN_STRICT_PROTOTYPES = YES;
				CLANG_WARN_SUSPICIOUS_MOVE = YES;
				CLANG_WARN_UNGUARDED_AVAILABILITY = YES_AGGRESSIVE;
				CLANG_WARN_UNREACHABLE_CODE = YES;
				CLANG_WARN__DUPLICATE_METHOD_MATCH = YES;
				CODE_SIGN_IDENTITY = "iPhone Developer";
				COPY_PHASE_STRIP = NO;
				DEBUG_INFORMATION_FORMAT = "dwarf-with-dsym";
				ENABLE_NS_ASSERTIONS = NO;
				ENABLE_STRICT_OBJC_MSGSEND = YES;
				GCC_C_LANGUAGE_STANDARD = gnu11;
				GCC_NO_COMMON_BLOCKS = YES;
				GCC_WARN_64_TO_32_BIT_CONVERSION = YES;
				GCC_WARN_ABOUT_RETURN_TYPE = YES_ERROR;
				GCC_WARN_UNDECLARED_SELECTOR = YES;
				GCC_WARN_UNINITIALIZED_AUTOS = YES_AGGRESSIVE;
				GCC_WARN_UNUSED_FUNCTION = YES;
				GCC_WARN_UNUSED_VARIABLE = YES;
				IPHONEOS_DEPLOYMENT_TARGET = 11.4;
				MTL_ENABLE_DEBUG_INFO = NO;
				SDKROOT = iphoneos;
				SWIFT_COMPILATION_MODE = wholemodule;
				SWIFT_OPTIMIZATION_LEVEL = "-O";
				VALIDATE_PRODUCT = YES;
			};
			name = Release;
		};
		61E17F542195A72800DD02E7 /* Debug */ = {
			isa = XCBuildConfiguration;
			buildSettings = {
				ASSETCATALOG_COMPILER_APPICON_NAME = AppIcon;
				CODE_SIGN_STYLE = Automatic;
				INFOPLIST_FILE = "Feed Me/Info.plist";
				LD_RUNPATH_SEARCH_PATHS = (
					"$(inherited)",
					"@executable_path/Frameworks",
				);
				PRODUCT_BUNDLE_IDENTIFIER = "io.github.brianrichardmccarthy.Feed-Me";
				PRODUCT_NAME = "$(TARGET_NAME)";
				SWIFT_VERSION = 4.0;
				TARGETED_DEVICE_FAMILY = "1,2";
			};
			name = Debug;
		};
		61E17F552195A72800DD02E7 /* Release */ = {
			isa = XCBuildConfiguration;
			buildSettings = {
				ASSETCATALOG_COMPILER_APPICON_NAME = AppIcon;
				CODE_SIGN_STYLE = Automatic;
				INFOPLIST_FILE = "Feed Me/Info.plist";
				LD_RUNPATH_SEARCH_PATHS = (
					"$(inherited)",
					"@executable_path/Frameworks",
				);
				PRODUCT_BUNDLE_IDENTIFIER = "io.github.brianrichardmccarthy.Feed-Me";
				PRODUCT_NAME = "$(TARGET_NAME)";
				SWIFT_VERSION = 4.0;
				TARGETED_DEVICE_FAMILY = "1,2";
			};
			name = Release;
		};
/* End XCBuildConfiguration section */

/* Begin XCConfigurationList section */
		61E17F362195A72700DD02E7 /* Build configuration list for PBXProject "Feed Me" */ = {
			isa = XCConfigurationList;
			buildConfigurations = (
				61E17F512195A72800DD02E7 /* Debug */,
				61E17F522195A72800DD02E7 /* Release */,
			);
			defaultConfigurationIsVisible = 0;
			defaultConfigurationName = Release;
		};
		61E17F532195A72800DD02E7 /* Build configuration list for PBXNativeTarget "Feed Me" */ = {
			isa = XCConfigurationList;
			buildConfigurations = (
				61E17F542195A72800DD02E7 /* Debug */,
				61E17F552195A72800DD02E7 /* Release */,
			);
			defaultConfigurationIsVisible = 0;
			defaultConfigurationName = Release;
		};
/* End XCConfigurationList section */
	};
	rootObject = 61E17F332195A72700DD02E7 /* Project object */;
}
